
Microsoft Visual Studio Solution File, Format Version 12.00
# Visual Studio Version 16
VisualStudioVersion = 16.0.30011.22
MinimumVisualStudioVersion = 10.0.40219.1
Project("{FAE04EC0-301F-11D3-BF4B-00C04F79EFBC}") = "CorporateSoftware", "CorporateSoftware\CorporateSoftware.csproj", "{563ABAF1-8DEF-4B45-B034-A318CD1CEBD5}"
EndProject
Global
	GlobalSection(SolutionConfigurationPlatforms) = preSolution
		Debug|Any CPU = Debug|Any CPU
		Release|Any CPU = Release|Any CPU
	EndGlobalSection
	GlobalSection(ProjectConfigurationPlatforms) = postSolution
		{563ABAF1-8DEF-4B45-B034-A318CD1CEBD5}.Debug|Any CPU.ActiveCfg = Debug|Any CPU
		{563ABAF1-8DEF-4B45-B034-A318CD1CEBD5}.Debug|Any CPU.Build.0 = Debug|Any CPU
		{563ABAF1-8DEF-4B45-B034-A318CD1CEBD5}.Release|Any CPU.ActiveCfg = Release|Any CPU
		{563ABAF1-8DEF-4B45-B034-A318CD1CEBD5}.Release|Any CPU.Build.0 = Release|Any CPU
	EndGlobalSection
	GlobalSection(SolutionProperties) = preSolution
		HideSolutionNode = FALSE
	EndGlobalSection
	GlobalSection(ExtensibilityGlobals) = postSolution
		SolutionGuid = {CCEB41D4-B289-47C4-8722-D719C9DEC34E}
	EndGlobalSection
EndGlobal
